
Microsoft Visual Studio Solution File, Format Version 12.00
# Visual Studio 15
VisualStudioVersion = 15.0.28010.2041
MinimumVisualStudioVersion = 10.0.40219.1
Project("{FAE04EC0-301F-11D3-BF4B-00C04F79EFBC}") = "Comun", "Comun\Comun.csproj", "{86CF69CC-3160-47BE-BCA7-091B57870DA3}"
EndProject
Project("{FAE04EC0-301F-11D3-BF4B-00C04F79EFBC}") = "ConsoleApp1", "ConsoleApp1\ConsoleApp1.csproj", "{D06F3A65-B540-4B05-A41D-59B427EBA604}"
	ProjectSection(ProjectDependencies) = postProject
		{227752D9-5880-4C6E-8B37-A980201FEFE6} = {227752D9-5880-4C6E-8B37-A980201FEFE6}
	EndProjectSection
EndProject
Project("{2150E333-8FDC-42A3-9474-1A3956D46DE8}") = "1-Dominio", "1-Dominio", "{54E4A6CA-2E10-4146-9427-3BE521951832}"
EndProject
Project("{2150E333-8FDC-42A3-9474-1A3956D46DE8}") = "2-Repositorio", "2-Repositorio", "{8CDECD95-53D2-48C3-BCC4-125A44EE86B2}"
EndProject
Project("{2150E333-8FDC-42A3-9474-1A3956D46DE8}") = "4-Servicios", "4-Servicios", "{72446EBA-A8F9-42B5-82E9-B6513D706FFE}"
EndProject
Project("{2150E333-8FDC-42A3-9474-1A3956D46DE8}") = "5-UI", "5-UI", "{B0CCA97C-FA20-4AD5-9750-4AAA55451C15}"
EndProject
Project("{FAE04EC0-301F-11D3-BF4B-00C04F79EFBC}") = "Modelo", "Modelo\Modelo.csproj", "{E59B7384-6870-409D-A525-E60BF0A1857D}"
EndProject
Project("{FAE04EC0-301F-11D3-BF4B-00C04F79EFBC}") = "Contexto", "Contexto\Contexto.csproj", "{BB63F6C0-715B-4757-A43E-6209C8642C95}"
EndProject
Project("{2150E333-8FDC-42A3-9474-1A3956D46DE8}") = "3-Infraestructura", "3-Infraestructura", "{2F76C30C-CD47-4B52-9C86-343D05A77FD7}"
EndProject
Project("{FAE04EC0-301F-11D3-BF4B-00C04F79EFBC}") = "Infraestructura", "Infraestructura\Infraestructura.csproj", "{A54C600F-3E1A-4333-85FE-1B1844205103}"
EndProject
Project("{FAE04EC0-301F-11D3-BF4B-00C04F79EFBC}") = "Repositorio", "Repositorio\Repositorio.csproj", "{BFC025E1-EA03-4EA4-BC1F-0AEC6DBDD741}"
EndProject
Project("{2150E333-8FDC-42A3-9474-1A3956D46DE8}") = "6-Tests", "6-Tests", "{9417F4D6-3425-427C-918F-550452F73A44}"
EndProject
Project("{FAE04EC0-301F-11D3-BF4B-00C04F79EFBC}") = "ConversorTests", "ConversorTests\ConversorTests.csproj", "{75FCE70B-2493-4F39-A1F9-B80F9ED1C8D9}"
EndProject
Project("{FAE04EC0-301F-11D3-BF4B-00C04F79EFBC}") = "ingenieriaInversa-final", "ingenieriaInversa-final\ingenieriaInversa-final.csproj", "{0D7BE51E-74E1-47D6-9491-255AEAE7AA92}"
EndProject
Project("{FAE04EC0-301F-11D3-BF4B-00C04F79EFBC}") = "Servicio", "Servicio\Servicio.csproj", "{D443A3B9-F9EB-4F94-864B-9429882AA365}"
EndProject
Project("{FAE04EC0-301F-11D3-BF4B-00C04F79EFBC}") = "FrontEnd", "FrontEnd\FrontEnd.csproj", "{227752D9-5880-4C6E-8B37-A980201FEFE6}"
EndProject
Project("{FAE04EC0-301F-11D3-BF4B-00C04F79EFBC}") = "clientePrueba", "clientePrueba\clientePrueba.csproj", "{0E61D0F2-E92F-4B47-A167-FCACC72E2DA9}"
EndProject
Project("{FAE04EC0-301F-11D3-BF4B-00C04F79EFBC}") = "ClienteWeb", "ClienteWeb\ClienteWeb.csproj", "{97FE7515-B654-4066-831E-7B27C75DB3CB}"
EndProject
Global
	GlobalSection(SolutionConfigurationPlatforms) = preSolution
		Debug|Any CPU = Debug|Any CPU
		Release|Any CPU = Release|Any CPU
	EndGlobalSection
	GlobalSection(ProjectConfigurationPlatforms) = postSolution
		{86CF69CC-3160-47BE-BCA7-091B57870DA3}.Debug|Any CPU.ActiveCfg = Debug|Any CPU
		{86CF69CC-3160-47BE-BCA7-091B57870DA3}.Debug|Any CPU.Build.0 = Debug|Any CPU
		{86CF69CC-3160-47BE-BCA7-091B57870DA3}.Release|Any CPU.ActiveCfg = Release|Any CPU
		{86CF69CC-3160-47BE-BCA7-091B57870DA3}.Release|Any CPU.Build.0 = Release|Any CPU
		{D06F3A65-B540-4B05-A41D-59B427EBA604}.Debug|Any CPU.ActiveCfg = Debug|Any CPU
		{D06F3A65-B540-4B05-A41D-59B427EBA604}.Debug|Any CPU.Build.0 = Debug|Any CPU
		{D06F3A65-B540-4B05-A41D-59B427EBA604}.Release|Any CPU.ActiveCfg = Release|Any CPU
		{D06F3A65-B540-4B05-A41D-59B427EBA604}.Release|Any CPU.Build.0 = Release|Any CPU
		{E59B7384-6870-409D-A525-E60BF0A1857D}.Debug|Any CPU.ActiveCfg = Debug|Any CPU
		{E59B7384-6870-409D-A525-E60BF0A1857D}.Debug|Any CPU.Build.0 = Debug|Any CPU
		{E59B7384-6870-409D-A525-E60BF0A1857D}.Release|Any CPU.ActiveCfg = Release|Any CPU
		{E59B7384-6870-409D-A525-E60BF0A1857D}.Release|Any CPU.Build.0 = Release|Any CPU
		{BB63F6C0-715B-4757-A43E-6209C8642C95}.Debug|Any CPU.ActiveCfg = Debug|Any CPU
		{BB63F6C0-715B-4757-A43E-6209C8642C95}.Debug|Any CPU.Build.0 = Debug|Any CPU
		{BB63F6C0-715B-4757-A43E-6209C8642C95}.Release|Any CPU.ActiveCfg = Release|Any CPU
		{BB63F6C0-715B-4757-A43E-6209C8642C95}.Release|Any CPU.Build.0 = Release|Any CPU
		{A54C600F-3E1A-4333-85FE-1B1844205103}.Debug|Any CPU.ActiveCfg = Debug|Any CPU
		{A54C600F-3E1A-4333-85FE-1B1844205103}.Debug|Any CPU.Build.0 = Debug|Any CPU
		{A54C600F-3E1A-4333-85FE-1B1844205103}.Release|Any CPU.ActiveCfg = Release|Any CPU
		{A54C600F-3E1A-4333-85FE-1B1844205103}.Release|Any CPU.Build.0 = Release|Any CPU
		{BFC025E1-EA03-4EA4-BC1F-0AEC6DBDD741}.Debug|Any CPU.ActiveCfg = Debug|Any CPU
		{BFC025E1-EA03-4EA4-BC1F-0AEC6DBDD741}.Debug|Any CPU.Build.0 = Debug|Any CPU
		{BFC025E1-EA03-4EA4-BC1F-0AEC6DBDD741}.Release|Any CPU.ActiveCfg = Release|Any CPU
		{BFC025E1-EA03-4EA4-BC1F-0AEC6DBDD741}.Release|Any CPU.Build.0 = Release|Any CPU
		{75FCE70B-2493-4F39-A1F9-B80F9ED1C8D9}.Debug|Any CPU.ActiveCfg = Debug|Any CPU
		{75FCE70B-2493-4F39-A1F9-B80F9ED1C8D9}.Debug|Any CPU.Build.0 = Debug|Any CPU
		{75FCE70B-2493-4F39-A1F9-B80F9ED1C8D9}.Release|Any CPU.ActiveCfg = Release|Any CPU
		{75FCE70B-2493-4F39-A1F9-B80F9ED1C8D9}.Release|Any CPU.Build.0 = Release|Any CPU
		{0D7BE51E-74E1-47D6-9491-255AEAE7AA92}.Debug|Any CPU.ActiveCfg = Debug|Any CPU
		{0D7BE51E-74E1-47D6-9491-255AEAE7AA92}.Debug|Any CPU.Build.0 = Debug|Any CPU
		{0D7BE51E-74E1-47D6-9491-255AEAE7AA92}.Release|Any CPU.ActiveCfg = Release|Any CPU
		{0D7BE51E-74E1-47D6-9491-255AEAE7AA92}.Release|Any CPU.Build.0 = Release|Any CPU
		{D443A3B9-F9EB-4F94-864B-9429882AA365}.Debug|Any CPU.ActiveCfg = Debug|Any CPU
		{D443A3B9-F9EB-4F94-864B-9429882AA365}.Debug|Any CPU.Build.0 = Debug|Any CPU
		{D443A3B9-F9EB-4F94-864B-9429882AA365}.Release|Any CPU.ActiveCfg = Release|Any CPU
		{D443A3B9-F9EB-4F94-864B-9429882AA365}.Release|Any CPU.Build.0 = Release|Any CPU
		{227752D9-5880-4C6E-8B37-A980201FEFE6}.Debug|Any CPU.ActiveCfg = Debug|Any CPU
		{227752D9-5880-4C6E-8B37-A980201FEFE6}.Debug|Any CPU.Build.0 = Debug|Any CPU
		{227752D9-5880-4C6E-8B37-A980201FEFE6}.Release|Any CPU.ActiveCfg = Release|Any CPU
		{227752D9-5880-4C6E-8B37-A980201FEFE6}.Release|Any CPU.Build.0 = Release|Any CPU
		{0E61D0F2-E92F-4B47-A167-FCACC72E2DA9}.Debug|Any CPU.ActiveCfg = Debug|Any CPU
		{0E61D0F2-E92F-4B47-A167-FCACC72E2DA9}.Debug|Any CPU.Build.0 = Debug|Any CPU
		{0E61D0F2-E92F-4B47-A167-FCACC72E2DA9}.Release|Any CPU.ActiveCfg = Release|Any CPU
		{0E61D0F2-E92F-4B47-A167-FCACC72E2DA9}.Release|Any CPU.Build.0 = Release|Any CPU
		{97FE7515-B654-4066-831E-7B27C75DB3CB}.Debug|Any CPU.ActiveCfg = Debug|Any CPU
		{97FE7515-B654-4066-831E-7B27C75DB3CB}.Debug|Any CPU.Build.0 = Debug|Any CPU
		{97FE7515-B654-4066-831E-7B27C75DB3CB}.Release|Any CPU.ActiveCfg = Release|Any CPU
		{97FE7515-B654-4066-831E-7B27C75DB3CB}.Release|Any CPU.Build.0 = Release|Any CPU
	EndGlobalSection
	GlobalSection(SolutionProperties) = preSolution
		HideSolutionNode = FALSE
	EndGlobalSection
	GlobalSection(NestedProjects) = preSolution
		{86CF69CC-3160-47BE-BCA7-091B57870DA3} = {2F76C30C-CD47-4B52-9C86-343D05A77FD7}
		{D06F3A65-B540-4B05-A41D-59B427EBA604} = {B0CCA97C-FA20-4AD5-9750-4AAA55451C15}
		{E59B7384-6870-409D-A525-E60BF0A1857D} = {54E4A6CA-2E10-4146-9427-3BE521951832}
		{BB63F6C0-715B-4757-A43E-6209C8642C95} = {54E4A6CA-2E10-4146-9427-3BE521951832}
		{A54C600F-3E1A-4333-85FE-1B1844205103} = {2F76C30C-CD47-4B52-9C86-343D05A77FD7}
		{BFC025E1-EA03-4EA4-BC1F-0AEC6DBDD741} = {8CDECD95-53D2-48C3-BCC4-125A44EE86B2}
		{75FCE70B-2493-4F39-A1F9-B80F9ED1C8D9} = {9417F4D6-3425-427C-918F-550452F73A44}
		{D443A3B9-F9EB-4F94-864B-9429882AA365} = {72446EBA-A8F9-42B5-82E9-B6513D706FFE}
		{227752D9-5880-4C6E-8B37-A980201FEFE6} = {B0CCA97C-FA20-4AD5-9750-4AAA55451C15}
		{0E61D0F2-E92F-4B47-A167-FCACC72E2DA9} = {9417F4D6-3425-427C-918F-550452F73A44}
		{97FE7515-B654-4066-831E-7B27C75DB3CB} = {B0CCA97C-FA20-4AD5-9750-4AAA55451C15}
	EndGlobalSection
	GlobalSection(ExtensibilityGlobals) = postSolution
		SolutionGuid = {2E32C6A6-393D-4A7D-8ED3-CE80F4699E3F}
	EndGlobalSection
EndGlobal
