
Microsoft Visual Studio Solution File, Format Version 12.00
# Visual Studio 15
VisualStudioVersion = 15.0.28010.2041
MinimumVisualStudioVersion = 10.0.40219.1
Project("{2150E333-8FDC-42A3-9474-1A3956D46DE8}") = "1-Dominio", "1-Dominio", "{54E4A6CA-2E10-4146-9427-3BE521951832}"
EndProject
Project("{2150E333-8FDC-42A3-9474-1A3956D46DE8}") = "2-Repositorio", "2-Repositorio", "{8CDECD95-53D2-48C3-BCC4-125A44EE86B2}"
EndProject
Project("{2150E333-8FDC-42A3-9474-1A3956D46DE8}") = "4-Servicios", "4-Servicios", "{72446EBA-A8F9-42B5-82E9-B6513D706FFE}"
EndProject
Project("{2150E333-8FDC-42A3-9474-1A3956D46DE8}") = "5-UI", "5-UI", "{B0CCA97C-FA20-4AD5-9750-4AAA55451C15}"
EndProject
Project("{2150E333-8FDC-42A3-9474-1A3956D46DE8}") = "6-Tests", "6-Tests", "{9417F4D6-3425-427C-918F-550452F73A44}"
EndProject
Project("{9A19103F-16F7-4668-BE54-9A1E7A4F7556}") = "SitioCore", "SitioCore\SitioCore.csproj", "{8A6FFFB4-885E-47A6-B6B6-88006D15A3A6}"
EndProject
Project("{9A19103F-16F7-4668-BE54-9A1E7A4F7556}") = "ContextoCore", "ContextoCore\ContextoCore.csproj", "{509002F2-52B8-4E09-B169-D56827C1AD4D}"
EndProject
Project("{9A19103F-16F7-4668-BE54-9A1E7A4F7556}") = "ModeloCore", "ModeloCore\ModeloCore.csproj", "{8BF27069-AF99-417D-85B7-CCF4CF686BEC}"
EndProject
Project("{9A19103F-16F7-4668-BE54-9A1E7A4F7556}") = "RepositorioCore", "RepositorioCore\RepositorioCore.csproj", "{C0B52B82-C4FA-4289-9582-8EED9E9624DE}"
EndProject
Project("{2150E333-8FDC-42A3-9474-1A3956D46DE8}") = "Core", "Core", "{68A3F6BF-3718-42FD-A540-873EE65F7294}"
	ProjectSection(SolutionItems) = preProject
		..\..\..\Curso BSD\Codigo_Curso\TestForex.rar = ..\..\..\Curso BSD\Codigo_Curso\TestForex.rar
	EndProjectSection
EndProject
Project("{9A19103F-16F7-4668-BE54-9A1E7A4F7556}") = "ForexClient", "dotnet-core-forex-quotes-master\ForexClient.csproj", "{357B0C40-95C2-4F5F-B07A-2E10CAFA395F}"
EndProject
Project("{FAE04EC0-301F-11D3-BF4B-00C04F79EFBC}") = "ForexQuotes", "dotnet-forex-quotes-master\ForexQuotes.csproj", "{CCF79B70-7079-4045-A7A7-AE83037EB50C}"
EndProject
Project("{9A19103F-16F7-4668-BE54-9A1E7A4F7556}") = "ApiCore", "ApiCore\ApiCore.csproj", "{4E2ADA8D-F699-4B56-BC45-05BBEFF58B2D}"
EndProject
Global
	GlobalSection(SolutionConfigurationPlatforms) = preSolution
		Debug|Any CPU = Debug|Any CPU
		Release|Any CPU = Release|Any CPU
	EndGlobalSection
	GlobalSection(ProjectConfigurationPlatforms) = postSolution
		{8A6FFFB4-885E-47A6-B6B6-88006D15A3A6}.Debug|Any CPU.ActiveCfg = Debug|Any CPU
		{8A6FFFB4-885E-47A6-B6B6-88006D15A3A6}.Debug|Any CPU.Build.0 = Debug|Any CPU
		{8A6FFFB4-885E-47A6-B6B6-88006D15A3A6}.Release|Any CPU.ActiveCfg = Release|Any CPU
		{8A6FFFB4-885E-47A6-B6B6-88006D15A3A6}.Release|Any CPU.Build.0 = Release|Any CPU
		{509002F2-52B8-4E09-B169-D56827C1AD4D}.Debug|Any CPU.ActiveCfg = Debug|Any CPU
		{509002F2-52B8-4E09-B169-D56827C1AD4D}.Debug|Any CPU.Build.0 = Debug|Any CPU
		{509002F2-52B8-4E09-B169-D56827C1AD4D}.Release|Any CPU.ActiveCfg = Release|Any CPU
		{509002F2-52B8-4E09-B169-D56827C1AD4D}.Release|Any CPU.Build.0 = Release|Any CPU
		{8BF27069-AF99-417D-85B7-CCF4CF686BEC}.Debug|Any CPU.ActiveCfg = Debug|Any CPU
		{8BF27069-AF99-417D-85B7-CCF4CF686BEC}.Debug|Any CPU.Build.0 = Debug|Any CPU
		{8BF27069-AF99-417D-85B7-CCF4CF686BEC}.Release|Any CPU.ActiveCfg = Release|Any CPU
		{8BF27069-AF99-417D-85B7-CCF4CF686BEC}.Release|Any CPU.Build.0 = Release|Any CPU
		{C0B52B82-C4FA-4289-9582-8EED9E9624DE}.Debug|Any CPU.ActiveCfg = Debug|Any CPU
		{C0B52B82-C4FA-4289-9582-8EED9E9624DE}.Debug|Any CPU.Build.0 = Debug|Any CPU
		{C0B52B82-C4FA-4289-9582-8EED9E9624DE}.Release|Any CPU.ActiveCfg = Release|Any CPU
		{C0B52B82-C4FA-4289-9582-8EED9E9624DE}.Release|Any CPU.Build.0 = Release|Any CPU
		{357B0C40-95C2-4F5F-B07A-2E10CAFA395F}.Debug|Any CPU.ActiveCfg = Debug|Any CPU
		{357B0C40-95C2-4F5F-B07A-2E10CAFA395F}.Debug|Any CPU.Build.0 = Debug|Any CPU
		{357B0C40-95C2-4F5F-B07A-2E10CAFA395F}.Release|Any CPU.ActiveCfg = Release|Any CPU
		{357B0C40-95C2-4F5F-B07A-2E10CAFA395F}.Release|Any CPU.Build.0 = Release|Any CPU
		{CCF79B70-7079-4045-A7A7-AE83037EB50C}.Debug|Any CPU.ActiveCfg = Debug|Any CPU
		{CCF79B70-7079-4045-A7A7-AE83037EB50C}.Debug|Any CPU.Build.0 = Debug|Any CPU
		{CCF79B70-7079-4045-A7A7-AE83037EB50C}.Release|Any CPU.ActiveCfg = Release|Any CPU
		{CCF79B70-7079-4045-A7A7-AE83037EB50C}.Release|Any CPU.Build.0 = Release|Any CPU
		{4E2ADA8D-F699-4B56-BC45-05BBEFF58B2D}.Debug|Any CPU.ActiveCfg = Debug|Any CPU
		{4E2ADA8D-F699-4B56-BC45-05BBEFF58B2D}.Debug|Any CPU.Build.0 = Debug|Any CPU
		{4E2ADA8D-F699-4B56-BC45-05BBEFF58B2D}.Release|Any CPU.ActiveCfg = Release|Any CPU
		{4E2ADA8D-F699-4B56-BC45-05BBEFF58B2D}.Release|Any CPU.Build.0 = Release|Any CPU
	EndGlobalSection
	GlobalSection(SolutionProperties) = preSolution
		HideSolutionNode = FALSE
	EndGlobalSection
	GlobalSection(NestedProjects) = preSolution
		{54E4A6CA-2E10-4146-9427-3BE521951832} = {68A3F6BF-3718-42FD-A540-873EE65F7294}
		{8CDECD95-53D2-48C3-BCC4-125A44EE86B2} = {68A3F6BF-3718-42FD-A540-873EE65F7294}
		{72446EBA-A8F9-42B5-82E9-B6513D706FFE} = {68A3F6BF-3718-42FD-A540-873EE65F7294}
		{B0CCA97C-FA20-4AD5-9750-4AAA55451C15} = {68A3F6BF-3718-42FD-A540-873EE65F7294}
		{9417F4D6-3425-427C-918F-550452F73A44} = {68A3F6BF-3718-42FD-A540-873EE65F7294}
		{8A6FFFB4-885E-47A6-B6B6-88006D15A3A6} = {B0CCA97C-FA20-4AD5-9750-4AAA55451C15}
		{509002F2-52B8-4E09-B169-D56827C1AD4D} = {54E4A6CA-2E10-4146-9427-3BE521951832}
		{8BF27069-AF99-417D-85B7-CCF4CF686BEC} = {54E4A6CA-2E10-4146-9427-3BE521951832}
		{C0B52B82-C4FA-4289-9582-8EED9E9624DE} = {8CDECD95-53D2-48C3-BCC4-125A44EE86B2}
		{357B0C40-95C2-4F5F-B07A-2E10CAFA395F} = {72446EBA-A8F9-42B5-82E9-B6513D706FFE}
		{CCF79B70-7079-4045-A7A7-AE83037EB50C} = {72446EBA-A8F9-42B5-82E9-B6513D706FFE}
		{4E2ADA8D-F699-4B56-BC45-05BBEFF58B2D} = {B0CCA97C-FA20-4AD5-9750-4AAA55451C15}
	EndGlobalSection
	GlobalSection(ExtensibilityGlobals) = postSolution
		SolutionGuid = {2E32C6A6-393D-4A7D-8ED3-CE80F4699E3F}
	EndGlobalSection
EndGlobal
